
Microsoft Visual Studio Solution File, Format Version 12.00
# Visual Studio 15
VisualStudioVersion = 15.0.26730.16
MinimumVisualStudioVersion = 10.0.40219.1
Project("{FAE04EC0-301F-11D3-BF4B-00C04F79EFBC}") = "WpfApp2", "WpfApp2\WpfApp2.csproj", "{CC5F348D-9095-4BE8-A4B5-B5CE78A24B14}"
EndProject
Global
	GlobalSection(SolutionConfigurationPlatforms) = preSolution
		Debug|Any CPU = Debug|Any CPU
		Release|Any CPU = Release|Any CPU
	EndGlobalSection
	GlobalSection(ProjectConfigurationPlatforms) = postSolution
		{CC5F348D-9095-4BE8-A4B5-B5CE78A24B14}.Debug|Any CPU.ActiveCfg = Debug|Any CPU
		{CC5F348D-9095-4BE8-A4B5-B5CE78A24B14}.Debug|Any CPU.Build.0 = Debug|Any CPU
		{CC5F348D-9095-4BE8-A4B5-B5CE78A24B14}.Release|Any CPU.ActiveCfg = Release|Any CPU
		{CC5F348D-9095-4BE8-A4B5-B5CE78A24B14}.Release|Any CPU.Build.0 = Release|Any CPU
	EndGlobalSection
	GlobalSection(SolutionProperties) = preSolution
		HideSolutionNode = FALSE
	EndGlobalSection
	GlobalSection(ExtensibilityGlobals) = postSolution
		SolutionGuid = {024E1A3A-774B-4035-986D-0C42F842CC3C}
	EndGlobalSection
EndGlobal
